
Microsoft Visual Studio Solution File, Format Version 10.00
# Visual Studio 2008
Project("{FAE04EC0-301F-11D3-BF4B-00C04F79EFBC}") = "xFarmFrenzy", "xFarmFrenzy.csproj", "{063411C2-A012-476F-8817-3E96EE6B700A}"
EndProject
Global
	GlobalSection(SolutionConfigurationPlatforms) = preSolution
		Debug|Any CPU = Debug|Any CPU
		Release|Any CPU = Release|Any CPU
	EndGlobalSection
	GlobalSection(ProjectConfigurationPlatforms) = postSolution
		{063411C2-A012-476F-8817-3E96EE6B700A}.Debug|Any CPU.ActiveCfg = Debug|Any CPU
		{063411C2-A012-476F-8817-3E96EE6B700A}.Debug|Any CPU.Build.0 = Debug|Any CPU
		{063411C2-A012-476F-8817-3E96EE6B700A}.Release|Any CPU.ActiveCfg = Release|Any CPU
		{063411C2-A012-476F-8817-3E96EE6B700A}.Release|Any CPU.Build.0 = Release|Any CPU
	EndGlobalSection
	GlobalSection(SolutionProperties) = preSolution
		HideSolutionNode = FALSE
	EndGlobalSection
EndGlobal
